
Microsoft Visual Studio Solution File, Format Version 12.00
# Visual Studio Version 16
VisualStudioVersion = 16.0.32510.428
MinimumVisualStudioVersion = 10.0.40219.1
Project("{B1E792BE-AA5F-4E3C-8C82-674BF9C0715B}") = "OPCUA_Server_Basic", "OPCUA_Server_Basic\OPCUA_Server_Basic.tsproj", "{1B7B2251-DF77-4EA0-9EA7-4D918550ACD7}"
EndProject
Global
	GlobalSection(SolutionConfigurationPlatforms) = preSolution
		Debug|TwinCAT CE7 (ARMV7) = Debug|TwinCAT CE7 (ARMV7)
		Debug|TwinCAT OS (ARMT2) = Debug|TwinCAT OS (ARMT2)
		Debug|TwinCAT RT (x64) = Debug|TwinCAT RT (x64)
		Debug|TwinCAT RT (x86) = Debug|TwinCAT RT (x86)
		Release|TwinCAT CE7 (ARMV7) = Release|TwinCAT CE7 (ARMV7)
		Release|TwinCAT OS (ARMT2) = Release|TwinCAT OS (ARMT2)
		Release|TwinCAT RT (x64) = Release|TwinCAT RT (x64)
		Release|TwinCAT RT (x86) = Release|TwinCAT RT (x86)
	EndGlobalSection
	GlobalSection(ProjectConfigurationPlatforms) = postSolution
		{1B7B2251-DF77-4EA0-9EA7-4D918550ACD7}.Debug|TwinCAT CE7 (ARMV7).ActiveCfg = Debug|TwinCAT CE7 (ARMV7)
		{1B7B2251-DF77-4EA0-9EA7-4D918550ACD7}.Debug|TwinCAT CE7 (ARMV7).Build.0 = Debug|TwinCAT CE7 (ARMV7)
		{1B7B2251-DF77-4EA0-9EA7-4D918550ACD7}.Debug|TwinCAT OS (ARMT2).ActiveCfg = Debug|TwinCAT OS (ARMT2)
		{1B7B2251-DF77-4EA0-9EA7-4D918550ACD7}.Debug|TwinCAT OS (ARMT2).Build.0 = Debug|TwinCAT OS (ARMT2)
		{1B7B2251-DF77-4EA0-9EA7-4D918550ACD7}.Debug|TwinCAT RT (x64).ActiveCfg = Debug|TwinCAT RT (x64)
		{1B7B2251-DF77-4EA0-9EA7-4D918550ACD7}.Debug|TwinCAT RT (x64).Build.0 = Debug|TwinCAT RT (x64)
		{1B7B2251-DF77-4EA0-9EA7-4D918550ACD7}.Debug|TwinCAT RT (x86).ActiveCfg = Debug|TwinCAT RT (x86)
		{1B7B2251-DF77-4EA0-9EA7-4D918550ACD7}.Debug|TwinCAT RT (x86).Build.0 = Debug|TwinCAT RT (x86)
		{1B7B2251-DF77-4EA0-9EA7-4D918550ACD7}.Release|TwinCAT CE7 (ARMV7).ActiveCfg = Release|TwinCAT CE7 (ARMV7)
		{1B7B2251-DF77-4EA0-9EA7-4D918550ACD7}.Release|TwinCAT CE7 (ARMV7).Build.0 = Release|TwinCAT CE7 (ARMV7)
		{1B7B2251-DF77-4EA0-9EA7-4D918550ACD7}.Release|TwinCAT OS (ARMT2).ActiveCfg = Release|TwinCAT OS (ARMT2)
		{1B7B2251-DF77-4EA0-9EA7-4D918550ACD7}.Release|TwinCAT OS (ARMT2).Build.0 = Release|TwinCAT OS (ARMT2)
		{1B7B2251-DF77-4EA0-9EA7-4D918550ACD7}.Release|TwinCAT RT (x64).ActiveCfg = Release|TwinCAT RT (x64)
		{1B7B2251-DF77-4EA0-9EA7-4D918550ACD7}.Release|TwinCAT RT (x64).Build.0 = Release|TwinCAT RT (x64)
		{1B7B2251-DF77-4EA0-9EA7-4D918550ACD7}.Release|TwinCAT RT (x86).ActiveCfg = Release|TwinCAT RT (x86)
		{1B7B2251-DF77-4EA0-9EA7-4D918550ACD7}.Release|TwinCAT RT (x86).Build.0 = Release|TwinCAT RT (x86)
		{235EF73C-2A9F-4927-BEEC-6CCE7429F473}.Debug|TwinCAT CE7 (ARMV7).ActiveCfg = Debug|TwinCAT CE7 (ARMV7)
		{235EF73C-2A9F-4927-BEEC-6CCE7429F473}.Debug|TwinCAT CE7 (ARMV7).Build.0 = Debug|TwinCAT CE7 (ARMV7)
		{235EF73C-2A9F-4927-BEEC-6CCE7429F473}.Debug|TwinCAT OS (ARMT2).ActiveCfg = Debug|TwinCAT OS (ARMT2)
		{235EF73C-2A9F-4927-BEEC-6CCE7429F473}.Debug|TwinCAT OS (ARMT2).Build.0 = Debug|TwinCAT OS (ARMT2)
		{235EF73C-2A9F-4927-BEEC-6CCE7429F473}.Debug|TwinCAT RT (x64).ActiveCfg = Debug|TwinCAT RT (x64)
		{235EF73C-2A9F-4927-BEEC-6CCE7429F473}.Debug|TwinCAT RT (x64).Build.0 = Debug|TwinCAT RT (x64)
		{235EF73C-2A9F-4927-BEEC-6CCE7429F473}.Debug|TwinCAT RT (x86).ActiveCfg = Debug|TwinCAT RT (x86)
		{235EF73C-2A9F-4927-BEEC-6CCE7429F473}.Debug|TwinCAT RT (x86).Build.0 = Debug|TwinCAT RT (x86)
		{235EF73C-2A9F-4927-BEEC-6CCE7429F473}.Release|TwinCAT CE7 (ARMV7).ActiveCfg = Release|TwinCAT CE7 (ARMV7)
		{235EF73C-2A9F-4927-BEEC-6CCE7429F473}.Release|TwinCAT CE7 (ARMV7).Build.0 = Release|TwinCAT CE7 (ARMV7)
		{235EF73C-2A9F-4927-BEEC-6CCE7429F473}.Release|TwinCAT OS (ARMT2).ActiveCfg = Release|TwinCAT OS (ARMT2)
		{235EF73C-2A9F-4927-BEEC-6CCE7429F473}.Release|TwinCAT OS (ARMT2).Build.0 = Release|TwinCAT OS (ARMT2)
		{235EF73C-2A9F-4927-BEEC-6CCE7429F473}.Release|TwinCAT RT (x64).ActiveCfg = Release|TwinCAT RT (x64)
		{235EF73C-2A9F-4927-BEEC-6CCE7429F473}.Release|TwinCAT RT (x64).Build.0 = Release|TwinCAT RT (x64)
		{235EF73C-2A9F-4927-BEEC-6CCE7429F473}.Release|TwinCAT RT (x86).ActiveCfg = Release|TwinCAT RT (x86)
		{235EF73C-2A9F-4927-BEEC-6CCE7429F473}.Release|TwinCAT RT (x86).Build.0 = Release|TwinCAT RT (x86)
	EndGlobalSection
	GlobalSection(SolutionProperties) = preSolution
		HideSolutionNode = FALSE
	EndGlobalSection
	GlobalSection(ExtensibilityGlobals) = postSolution
		SolutionGuid = {123217E4-17B8-40D8-9FAF-9C81681B0079}
	EndGlobalSection
EndGlobal
